
Microsoft Visual Studio Solution File, Format Version 12.00
# Visual Studio 15
VisualStudioVersion = 15.0.28307.421
MinimumVisualStudioVersion = 10.0.40219.1
Project("{FAE04EC0-301F-11D3-BF4B-00C04F79EFBC}") = "ReportsCoreSamples", "ReportsCoreSamples.csproj", "{2F5D208D-5836-47B5-8FF1-3BD57B34F179}"
EndProject
Global
	GlobalSection(SolutionConfigurationPlatforms) = preSolution
		Debug|Any CPU = Debug|Any CPU
		Release|Any CPU = Release|Any CPU
	EndGlobalSection
	GlobalSection(ProjectConfigurationPlatforms) = postSolution
		{2F5D208D-5836-47B5-8FF1-3BD57B34F179}.Debug|Any CPU.ActiveCfg = Debug|Any CPU
		{2F5D208D-5836-47B5-8FF1-3BD57B34F179}.Debug|Any CPU.Build.0 = Debug|Any CPU
		{2F5D208D-5836-47B5-8FF1-3BD57B34F179}.Release|Any CPU.ActiveCfg = Release|Any CPU
		{2F5D208D-5836-47B5-8FF1-3BD57B34F179}.Release|Any CPU.Build.0 = Release|Any CPU
	EndGlobalSection
	GlobalSection(SolutionProperties) = preSolution
		HideSolutionNode = FALSE
	EndGlobalSection
	GlobalSection(ExtensibilityGlobals) = postSolution
		SolutionGuid = {94BD0B4C-13B2-4A64-9DB8-118646DAB593}
	EndGlobalSection
EndGlobal
